
Microsoft Visual Studio Solution File, Format Version 12.00
# Visual Studio Version 17
VisualStudioVersion = 17.8.34330.188
MinimumVisualStudioVersion = 10.0.40219.1
Project("{FAE04EC0-301F-11D3-BF4B-00C04F79EFBC}") = "Infrastructure", "Infrastructure\Infrastructure.csproj", "{E9C80735-F38E-4563-A4D6-222A71503EE9}"
EndProject
Global
	GlobalSection(SolutionConfigurationPlatforms) = preSolution
		Debug|Any CPU = Debug|Any CPU
		Release|Any CPU = Release|Any CPU
	EndGlobalSection
	GlobalSection(ProjectConfigurationPlatforms) = postSolution
		{E9C80735-F38E-4563-A4D6-222A71503EE9}.Debug|Any CPU.ActiveCfg = Debug|Any CPU
		{E9C80735-F38E-4563-A4D6-222A71503EE9}.Debug|Any CPU.Build.0 = Debug|Any CPU
		{E9C80735-F38E-4563-A4D6-222A71503EE9}.Release|Any CPU.ActiveCfg = Release|Any CPU
		{E9C80735-F38E-4563-A4D6-222A71503EE9}.Release|Any CPU.Build.0 = Release|Any CPU
	EndGlobalSection
	GlobalSection(SolutionProperties) = preSolution
		HideSolutionNode = FALSE
	EndGlobalSection
	GlobalSection(ExtensibilityGlobals) = postSolution
		SolutionGuid = {28C80466-4F56-41C8-B4B2-0F230D37A36C}
	EndGlobalSection
EndGlobal
